
Microsoft Visual Studio Solution File, Format Version 12.00
# Visual Studio Version 17
VisualStudioVersion = 17.6.33815.320
MinimumVisualStudioVersion = 10.0.40219.1
Project("{9A19103F-16F7-4668-BE54-9A1E7A4F7556}") = "ExemplosLinq", "ExemplosLinq\ExemplosLinq.csproj", "{0C40B9EC-763E-4791-90C6-E44AC1CBF935}"
EndProject
Project("{FAE04EC0-301F-11D3-BF4B-00C04F79EFBC}") = "ExemplosOrientacaoObjetos", "ExemplosOrientacaoObjetos\ExemplosOrientacaoObjetos.csproj", "{B17D75BB-AE28-479C-A75E-35FD6E432510}"
EndProject
Global
	GlobalSection(SolutionConfigurationPlatforms) = preSolution
		Debug|Any CPU = Debug|Any CPU
		Release|Any CPU = Release|Any CPU
	EndGlobalSection
	GlobalSection(ProjectConfigurationPlatforms) = postSolution
		{0C40B9EC-763E-4791-90C6-E44AC1CBF935}.Debug|Any CPU.ActiveCfg = Debug|Any CPU
		{0C40B9EC-763E-4791-90C6-E44AC1CBF935}.Debug|Any CPU.Build.0 = Debug|Any CPU
		{0C40B9EC-763E-4791-90C6-E44AC1CBF935}.Release|Any CPU.ActiveCfg = Release|Any CPU
		{0C40B9EC-763E-4791-90C6-E44AC1CBF935}.Release|Any CPU.Build.0 = Release|Any CPU
		{B17D75BB-AE28-479C-A75E-35FD6E432510}.Debug|Any CPU.ActiveCfg = Debug|Any CPU
		{B17D75BB-AE28-479C-A75E-35FD6E432510}.Debug|Any CPU.Build.0 = Debug|Any CPU
		{B17D75BB-AE28-479C-A75E-35FD6E432510}.Release|Any CPU.ActiveCfg = Release|Any CPU
		{B17D75BB-AE28-479C-A75E-35FD6E432510}.Release|Any CPU.Build.0 = Release|Any CPU
	EndGlobalSection
	GlobalSection(SolutionProperties) = preSolution
		HideSolutionNode = FALSE
	EndGlobalSection
	GlobalSection(ExtensibilityGlobals) = postSolution
		SolutionGuid = {44C77183-D814-4F0D-956E-0F9852C0A97F}
	EndGlobalSection
EndGlobal
